
Microsoft Visual Studio Solution File, Format Version 12.00
# Visual Studio 15
VisualStudioVersion = 15.0.27130.2010
MinimumVisualStudioVersion = 10.0.40219.1
Project("{9A19103F-16F7-4668-BE54-9A1E7A4F7556}") = "EmptyCSharpProject01", "EmptyCSharpProject01\EmptyCSharpProject01.csproj", "{A90F330A-B301-4514-9B9F-CB95A2DAE453}"
EndProject
Project("{9A19103F-16F7-4668-BE54-9A1E7A4F7556}") = "EmptyCSharpProject02", "EmptyCSharpProject02\EmptyCSharpProject02.csproj", "{8854FF06-4221-4673-8AC0-481758CB8F96}"
EndProject
Project("{9A19103F-16F7-4668-BE54-9A1E7A4F7556}") = "EmptyCSharpProject03", "EmptyCSharpProject03\EmptyCSharpProject03.csproj", "{17AA70CD-BCCF-4752-BF7E-85ADAC2B210C}"
EndProject
Global
	GlobalSection(SolutionConfigurationPlatforms) = preSolution
		Debug|Any CPU = Debug|Any CPU
		Release|Any CPU = Release|Any CPU
	EndGlobalSection
	GlobalSection(ProjectConfigurationPlatforms) = postSolution
		{A90F330A-B301-4514-9B9F-CB95A2DAE453}.Debug|Any CPU.ActiveCfg = Debug|Any CPU
		{A90F330A-B301-4514-9B9F-CB95A2DAE453}.Debug|Any CPU.Build.0 = Debug|Any CPU
		{A90F330A-B301-4514-9B9F-CB95A2DAE453}.Release|Any CPU.ActiveCfg = Release|Any CPU
		{A90F330A-B301-4514-9B9F-CB95A2DAE453}.Release|Any CPU.Build.0 = Release|Any CPU
		{8854FF06-4221-4673-8AC0-481758CB8F96}.Debug|Any CPU.ActiveCfg = Debug|Any CPU
		{8854FF06-4221-4673-8AC0-481758CB8F96}.Debug|Any CPU.Build.0 = Debug|Any CPU
		{8854FF06-4221-4673-8AC0-481758CB8F96}.Release|Any CPU.ActiveCfg = Release|Any CPU
		{8854FF06-4221-4673-8AC0-481758CB8F96}.Release|Any CPU.Build.0 = Release|Any CPU
		{17AA70CD-BCCF-4752-BF7E-85ADAC2B210C}.Debug|Any CPU.ActiveCfg = Debug|Any CPU
		{17AA70CD-BCCF-4752-BF7E-85ADAC2B210C}.Debug|Any CPU.Build.0 = Debug|Any CPU
		{17AA70CD-BCCF-4752-BF7E-85ADAC2B210C}.Release|Any CPU.ActiveCfg = Release|Any CPU
		{17AA70CD-BCCF-4752-BF7E-85ADAC2B210C}.Release|Any CPU.Build.0 = Release|Any CPU
	EndGlobalSection
	GlobalSection(SolutionProperties) = preSolution
		HideSolutionNode = FALSE
	EndGlobalSection
	GlobalSection(ExtensibilityGlobals) = postSolution
		SolutionGuid = {2FD5E124-F7B3-4959-BBC3-F509B0E0DF1D}
	EndGlobalSection
EndGlobal
