
Microsoft Visual Studio Solution File, Format Version 12.00
# Visual Studio 15
VisualStudioVersion = 15.0.28307.329
MinimumVisualStudioVersion = 10.0.40219.1
Project("{FAE04EC0-301F-11D3-BF4B-00C04F79EFBC}") = "CSharp70", "CSharp70\CSharp70.csproj", "{0D607BCE-FE77-4521-860C-EC3379C1781A}"
EndProject
Project("{FAE04EC0-301F-11D3-BF4B-00C04F79EFBC}") = "CSharp60", "CSharp60\CSharp60.csproj", "{5E704A34-DDD4-410C-A118-5B470053ADFA}"
EndProject
Project("{FAE04EC0-301F-11D3-BF4B-00C04F79EFBC}") = "GeneratedDocuments", "GeneratedDocuments\GeneratedDocuments.csproj", "{EBF077AC-9628-4C1D-997E-C54D8F8CDFAC}"
EndProject
Project("{FAE04EC0-301F-11D3-BF4B-00C04F79EFBC}") = "LinkedDocuments", "LinkedDocuments\LinkedDocuments.csproj", "{1051E5CE-1597-477F-B0EE-9E357B13D58C}"
EndProject
Project("{FAE04EC0-301F-11D3-BF4B-00C04F79EFBC}") = "CSharp71", "CSharp71\CSharp71.csproj", "{785FFA2A-B2C7-47E0-919E-B0A3E49A0A7E}"
EndProject
Project("{9A19103F-16F7-4668-BE54-9A1E7A4F7556}") = "EmptyCSharpProject01", "EmptyCSharpProject01\EmptyCSharpProject01.csproj", "{48BAD316-B712-4D00-A8DC-C4AA0E2D0E1E}"
EndProject
Project("{9A19103F-16F7-4668-BE54-9A1E7A4F7556}") = "EmptyCSharpProject02", "EmptyCSharpProject02\EmptyCSharpProject02.csproj", "{131A1FF3-86E1-4EE8-B729-D90DBE758D5D}"
EndProject
Project("{9A19103F-16F7-4668-BE54-9A1E7A4F7556}") = "EmptyCSharpProject03", "EmptyCSharpProject03\EmptyCSharpProject03.csproj", "{C0EDDC3A-C32F-4642-923D-0C76D6D36908}"
EndProject
Project("{778DAE3C-4631-46EA-AA77-85C1314464D9}") = "VisualBasicProject01", "VisualBasicProject01\VisualBasicProject01.vbproj", "{B01195BE-E3D4-4EA5-8739-B4F18928C70D}"
EndProject
Project("{778DAE3C-4631-46EA-AA77-85C1314464D9}") = "VisualBasicProject02", "VisualBasicProject02\VisualBasicProject02.vbproj", "{B3919DD0-E10A-41D9-9563-685DEE6B2AE2}"
EndProject
Project("{FAE04EC0-301F-11D3-BF4B-00C04F79EFBC}") = "CSharp50", "CSharp50\CSharp50.csproj", "{1BEBBF97-5209-4E7C-98E5-181B6A2F16C8}"
EndProject
Project("{9A19103F-16F7-4668-BE54-9A1E7A4F7556}") = "AspNetCoreCSharpWebApplication", "AspNetCoreCSharpWebApplication\AspNetCoreCSharpWebApplication.csproj", "{139F43C2-E7DE-4EC5-B717-2464B20B9C56}"
EndProject
Project("{9A19103F-16F7-4668-BE54-9A1E7A4F7556}") = "CSharp30", "CSharp30\CSharp30.csproj", "{3AB04DA1-0393-4334-BC8B-E2FF01686064}"
EndProject
Project("{9A19103F-16F7-4668-BE54-9A1E7A4F7556}") = "CSharp80", "CSharp80\CSharp80.csproj", "{A291E040-EC64-460B-9629-D4EE30F79D35}"
EndProject
Project("{FAE04EC0-301F-11D3-BF4B-00C04F79EFBC}") = "CSharp80.NullableReferenceTypes", "CSharp80.NullableReferenceTypes\CSharp80.NullableReferenceTypes.csproj", "{9F8A4A2D-5761-4A00-9772-6C2658E8BC80}"
EndProject
Global
	GlobalSection(SolutionConfigurationPlatforms) = preSolution
		Debug|Any CPU = Debug|Any CPU
		Release|Any CPU = Release|Any CPU
	EndGlobalSection
	GlobalSection(ProjectConfigurationPlatforms) = postSolution
		{0D607BCE-FE77-4521-860C-EC3379C1781A}.Debug|Any CPU.ActiveCfg = Debug|Any CPU
		{0D607BCE-FE77-4521-860C-EC3379C1781A}.Debug|Any CPU.Build.0 = Debug|Any CPU
		{0D607BCE-FE77-4521-860C-EC3379C1781A}.Release|Any CPU.ActiveCfg = Release|Any CPU
		{0D607BCE-FE77-4521-860C-EC3379C1781A}.Release|Any CPU.Build.0 = Release|Any CPU
		{5E704A34-DDD4-410C-A118-5B470053ADFA}.Debug|Any CPU.ActiveCfg = Debug|Any CPU
		{5E704A34-DDD4-410C-A118-5B470053ADFA}.Debug|Any CPU.Build.0 = Debug|Any CPU
		{5E704A34-DDD4-410C-A118-5B470053ADFA}.Release|Any CPU.ActiveCfg = Release|Any CPU
		{5E704A34-DDD4-410C-A118-5B470053ADFA}.Release|Any CPU.Build.0 = Release|Any CPU
		{EBF077AC-9628-4C1D-997E-C54D8F8CDFAC}.Debug|Any CPU.ActiveCfg = Debug|Any CPU
		{EBF077AC-9628-4C1D-997E-C54D8F8CDFAC}.Debug|Any CPU.Build.0 = Debug|Any CPU
		{EBF077AC-9628-4C1D-997E-C54D8F8CDFAC}.Release|Any CPU.ActiveCfg = Release|Any CPU
		{EBF077AC-9628-4C1D-997E-C54D8F8CDFAC}.Release|Any CPU.Build.0 = Release|Any CPU
		{1051E5CE-1597-477F-B0EE-9E357B13D58C}.Debug|Any CPU.ActiveCfg = Debug|Any CPU
		{1051E5CE-1597-477F-B0EE-9E357B13D58C}.Debug|Any CPU.Build.0 = Debug|Any CPU
		{1051E5CE-1597-477F-B0EE-9E357B13D58C}.Release|Any CPU.ActiveCfg = Release|Any CPU
		{1051E5CE-1597-477F-B0EE-9E357B13D58C}.Release|Any CPU.Build.0 = Release|Any CPU
		{785FFA2A-B2C7-47E0-919E-B0A3E49A0A7E}.Debug|Any CPU.ActiveCfg = Debug|Any CPU
		{785FFA2A-B2C7-47E0-919E-B0A3E49A0A7E}.Debug|Any CPU.Build.0 = Debug|Any CPU
		{785FFA2A-B2C7-47E0-919E-B0A3E49A0A7E}.Release|Any CPU.ActiveCfg = Release|Any CPU
		{785FFA2A-B2C7-47E0-919E-B0A3E49A0A7E}.Release|Any CPU.Build.0 = Release|Any CPU
		{48BAD316-B712-4D00-A8DC-C4AA0E2D0E1E}.Debug|Any CPU.ActiveCfg = Debug|Any CPU
		{48BAD316-B712-4D00-A8DC-C4AA0E2D0E1E}.Debug|Any CPU.Build.0 = Debug|Any CPU
		{48BAD316-B712-4D00-A8DC-C4AA0E2D0E1E}.Release|Any CPU.ActiveCfg = Release|Any CPU
		{48BAD316-B712-4D00-A8DC-C4AA0E2D0E1E}.Release|Any CPU.Build.0 = Release|Any CPU
		{131A1FF3-86E1-4EE8-B729-D90DBE758D5D}.Debug|Any CPU.ActiveCfg = Debug|Any CPU
		{131A1FF3-86E1-4EE8-B729-D90DBE758D5D}.Debug|Any CPU.Build.0 = Debug|Any CPU
		{131A1FF3-86E1-4EE8-B729-D90DBE758D5D}.Release|Any CPU.ActiveCfg = Release|Any CPU
		{131A1FF3-86E1-4EE8-B729-D90DBE758D5D}.Release|Any CPU.Build.0 = Release|Any CPU
		{C0EDDC3A-C32F-4642-923D-0C76D6D36908}.Debug|Any CPU.ActiveCfg = Debug|Any CPU
		{C0EDDC3A-C32F-4642-923D-0C76D6D36908}.Debug|Any CPU.Build.0 = Debug|Any CPU
		{C0EDDC3A-C32F-4642-923D-0C76D6D36908}.Release|Any CPU.ActiveCfg = Release|Any CPU
		{C0EDDC3A-C32F-4642-923D-0C76D6D36908}.Release|Any CPU.Build.0 = Release|Any CPU
		{B01195BE-E3D4-4EA5-8739-B4F18928C70D}.Debug|Any CPU.ActiveCfg = Debug|Any CPU
		{B01195BE-E3D4-4EA5-8739-B4F18928C70D}.Debug|Any CPU.Build.0 = Debug|Any CPU
		{B01195BE-E3D4-4EA5-8739-B4F18928C70D}.Release|Any CPU.ActiveCfg = Release|Any CPU
		{B01195BE-E3D4-4EA5-8739-B4F18928C70D}.Release|Any CPU.Build.0 = Release|Any CPU
		{B3919DD0-E10A-41D9-9563-685DEE6B2AE2}.Debug|Any CPU.ActiveCfg = Debug|Any CPU
		{B3919DD0-E10A-41D9-9563-685DEE6B2AE2}.Debug|Any CPU.Build.0 = Debug|Any CPU
		{B3919DD0-E10A-41D9-9563-685DEE6B2AE2}.Release|Any CPU.ActiveCfg = Release|Any CPU
		{B3919DD0-E10A-41D9-9563-685DEE6B2AE2}.Release|Any CPU.Build.0 = Release|Any CPU
		{1BEBBF97-5209-4E7C-98E5-181B6A2F16C8}.Debug|Any CPU.ActiveCfg = Debug|Any CPU
		{1BEBBF97-5209-4E7C-98E5-181B6A2F16C8}.Debug|Any CPU.Build.0 = Debug|Any CPU
		{1BEBBF97-5209-4E7C-98E5-181B6A2F16C8}.Release|Any CPU.ActiveCfg = Release|Any CPU
		{1BEBBF97-5209-4E7C-98E5-181B6A2F16C8}.Release|Any CPU.Build.0 = Release|Any CPU
		{139F43C2-E7DE-4EC5-B717-2464B20B9C56}.Debug|Any CPU.ActiveCfg = Debug|Any CPU
		{139F43C2-E7DE-4EC5-B717-2464B20B9C56}.Debug|Any CPU.Build.0 = Debug|Any CPU
		{139F43C2-E7DE-4EC5-B717-2464B20B9C56}.Release|Any CPU.ActiveCfg = Release|Any CPU
		{139F43C2-E7DE-4EC5-B717-2464B20B9C56}.Release|Any CPU.Build.0 = Release|Any CPU
		{3AB04DA1-0393-4334-BC8B-E2FF01686064}.Debug|Any CPU.ActiveCfg = Debug|Any CPU
		{3AB04DA1-0393-4334-BC8B-E2FF01686064}.Debug|Any CPU.Build.0 = Debug|Any CPU
		{3AB04DA1-0393-4334-BC8B-E2FF01686064}.Release|Any CPU.ActiveCfg = Release|Any CPU
		{3AB04DA1-0393-4334-BC8B-E2FF01686064}.Release|Any CPU.Build.0 = Release|Any CPU
		{A291E040-EC64-460B-9629-D4EE30F79D35}.Debug|Any CPU.ActiveCfg = Debug|Any CPU
		{A291E040-EC64-460B-9629-D4EE30F79D35}.Debug|Any CPU.Build.0 = Debug|Any CPU
		{A291E040-EC64-460B-9629-D4EE30F79D35}.Release|Any CPU.ActiveCfg = Release|Any CPU
		{A291E040-EC64-460B-9629-D4EE30F79D35}.Release|Any CPU.Build.0 = Release|Any CPU
		{9F8A4A2D-5761-4A00-9772-6C2658E8BC80}.Debug|Any CPU.ActiveCfg = Debug|Any CPU
		{9F8A4A2D-5761-4A00-9772-6C2658E8BC80}.Debug|Any CPU.Build.0 = Debug|Any CPU
		{9F8A4A2D-5761-4A00-9772-6C2658E8BC80}.Release|Any CPU.ActiveCfg = Release|Any CPU
		{9F8A4A2D-5761-4A00-9772-6C2658E8BC80}.Release|Any CPU.Build.0 = Release|Any CPU
	EndGlobalSection
	GlobalSection(SolutionProperties) = preSolution
		HideSolutionNode = FALSE
	EndGlobalSection
	GlobalSection(ExtensibilityGlobals) = postSolution
		SolutionGuid = {6D47FF4A-B48C-48BC-BCEF-A7A9565E605C}
	EndGlobalSection
EndGlobal
