
Microsoft Visual Studio Solution File, Format Version 12.00
# Visual Studio 15
VisualStudioVersion = 15.0.27004.2002
MinimumVisualStudioVersion = 10.0.40219.1
Project("{FAE04EC0-301F-11D3-BF4B-00C04F79EFBC}") = "Sharpen.VisualStudioExtension", "Sharpen.VisualStudioExtension\Sharpen.VisualStudioExtension.csproj", "{C2A526B9-A814-4E6A-812C-2734B886DEC5}"
EndProject
Project("{9A19103F-16F7-4668-BE54-9A1E7A4F7556}") = "Sharpen.Engine", "Sharpen.Engine\Sharpen.Engine.csproj", "{1549B343-59F2-488C-8BCA-1B69B5257A3D}"
EndProject
Project("{9A19103F-16F7-4668-BE54-9A1E7A4F7556}") = "Sharpen.Engine.Tests.Unit", "Sharpen.Engine.Tests.Unit\Sharpen.Engine.Tests.Unit.csproj", "{0A332085-ABA9-48A4-8D69-79BA936697B6}"
EndProject
Global
	GlobalSection(SolutionConfigurationPlatforms) = preSolution
		Debug|Any CPU = Debug|Any CPU
		Release|Any CPU = Release|Any CPU
	EndGlobalSection
	GlobalSection(ProjectConfigurationPlatforms) = postSolution
		{C2A526B9-A814-4E6A-812C-2734B886DEC5}.Debug|Any CPU.ActiveCfg = Debug|Any CPU
		{C2A526B9-A814-4E6A-812C-2734B886DEC5}.Debug|Any CPU.Build.0 = Debug|Any CPU
		{C2A526B9-A814-4E6A-812C-2734B886DEC5}.Release|Any CPU.ActiveCfg = Release|Any CPU
		{C2A526B9-A814-4E6A-812C-2734B886DEC5}.Release|Any CPU.Build.0 = Release|Any CPU
		{1549B343-59F2-488C-8BCA-1B69B5257A3D}.Debug|Any CPU.ActiveCfg = Debug|Any CPU
		{1549B343-59F2-488C-8BCA-1B69B5257A3D}.Debug|Any CPU.Build.0 = Debug|Any CPU
		{1549B343-59F2-488C-8BCA-1B69B5257A3D}.Release|Any CPU.ActiveCfg = Release|Any CPU
		{1549B343-59F2-488C-8BCA-1B69B5257A3D}.Release|Any CPU.Build.0 = Release|Any CPU
		{0A332085-ABA9-48A4-8D69-79BA936697B6}.Debug|Any CPU.ActiveCfg = Debug|Any CPU
		{0A332085-ABA9-48A4-8D69-79BA936697B6}.Debug|Any CPU.Build.0 = Debug|Any CPU
		{0A332085-ABA9-48A4-8D69-79BA936697B6}.Release|Any CPU.ActiveCfg = Release|Any CPU
		{0A332085-ABA9-48A4-8D69-79BA936697B6}.Release|Any CPU.Build.0 = Release|Any CPU
	EndGlobalSection
	GlobalSection(SolutionProperties) = preSolution
		HideSolutionNode = FALSE
	EndGlobalSection
	GlobalSection(ExtensibilityGlobals) = postSolution
		SolutionGuid = {E14DB5BB-FE12-4681-8124-023A19164EE5}
	EndGlobalSection
EndGlobal
